// !$*UTF8*$!
{
	archiveVersion = 1;
	classes = {
	};
	objectVersion = 46;
	objects = {

/* Begin PBXBuildFile section */
		090507961C9875CB001F6625 /* PlayBoomBoxViewController.swift in Sources */ = {isa = PBXBuildFile; fileRef = 090507951C9875CB001F6625 /* PlayBoomBoxViewController.swift */; };
		090507981C98896D001F6625 /* NoAnimationViewController.swift in Sources */ = {isa = PBXBuildFile; fileRef = 090507971C98896D001F6625 /* NoAnimationViewController.swift */; };
		0905079A1C988B7C001F6625 /* StartWhoopeeViewController.swift in Sources */ = {isa = PBXBuildFile; fileRef = 090507991C988B7C001F6625 /* StartWhoopeeViewController.swift */; };
		0988A3D41C973CC9000593EC /* DontEatViewController.swift in Sources */ = {isa = PBXBuildFile; fileRef = 0988A3D31C973CC9000593EC /* DontEatViewController.swift */; };
		0988A3D61C974C36000593EC /* TakeBiteViewController.swift in Sources */ = {isa = PBXBuildFile; fileRef = 0988A3D51C974C36000593EC /* TakeBiteViewController.swift */; };
		099D95751C99A7DB00706D48 /* InfoViewController.swift in Sources */ = {isa = PBXBuildFile; fileRef = 099D95741C99A7DB00706D48 /* InfoViewController.swift */; };
		09CE598C1C938843004C7EF2 /* AppDelegate.swift in Sources */ = {isa = PBXBuildFile; fileRef = 09CE598B1C938843004C7EF2 /* AppDelegate.swift */; };
		09CE598E1C938843004C7EF2 /* RecordSoundsViewController.swift in Sources */ = {isa = PBXBuildFile; fileRef = 09CE598D1C938843004C7EF2 /* RecordSoundsViewController.swift */; };
		09CE59911C938843004C7EF2 /* Main.storyboard in Resources */ = {isa = PBXBuildFile; fileRef = 09CE598F1C938843004C7EF2 /* Main.storyboard */; };
		09CE59931C938843004C7EF2 /* Assets.xcassets in Resources */ = {isa = PBXBuildFile; fileRef = 09CE59921C938843004C7EF2 /* Assets.xcassets */; };
		09CE59961C938843004C7EF2 /* LaunchScreen.storyboard in Resources */ = {isa = PBXBuildFile; fileRef = 09CE59941C938843004C7EF2 /* LaunchScreen.storyboard */; };
		09CE59A11C938843004C7EF2 /* Carrot_App_3Tests.swift in Sources */ = {isa = PBXBuildFile; fileRef = 09CE59A01C938843004C7EF2 /* Carrot_App_3Tests.swift */; };
		09CE59AC1C939B2F004C7EF2 /* RecordedAudio.swift in Sources */ = {isa = PBXBuildFile; fileRef = 09CE59AB1C939B2F004C7EF2 /* RecordedAudio.swift */; };
/* End PBXBuildFile section */

/* Begin PBXContainerItemProxy section */
		09CE599D1C938843004C7EF2 /* PBXContainerItemProxy */ = {
			isa = PBXContainerItemProxy;
			containerPortal = 09CE59801C938843004C7EF2 /* Project object */;
			proxyType = 1;
			remoteGlobalIDString = 09CE59871C938843004C7EF2;
			remoteInfo = "Carrot-App-3";
		};
/* End PBXContainerItemProxy section */

/* Begin PBXFileReference section */
		090507951C9875CB001F6625 /* PlayBoomBoxViewController.swift */ = {isa = PBXFileReference; fileEncoding = 4; lastKnownFileType = sourcecode.swift; path = PlayBoomBoxViewController.swift; sourceTree = "<group>"; };
		090507971C98896D001F6625 /* NoAnimationViewController.swift */ = {isa = PBXFileReference; fileEncoding = 4; lastKnownFileType = sourcecode.swift; path = NoAnimationViewController.swift; sourceTree = "<group>"; };
		090507991C988B7C001F6625 /* StartWhoopeeViewController.swift */ = {isa = PBXFileReference; fileEncoding = 4; lastKnownFileType = sourcecode.swift; path = StartWhoopeeViewController.swift; sourceTree = "<group>"; };
		0988A3D31C973CC9000593EC /* DontEatViewController.swift */ = {isa = PBXFileReference; fileEncoding = 4; lastKnownFileType = sourcecode.swift; path = DontEatViewController.swift; sourceTree = "<group>"; };
		0988A3D51C974C36000593EC /* TakeBiteViewController.swift */ = {isa = PBXFileReference; fileEncoding = 4; lastKnownFileType = sourcecode.swift; path = TakeBiteViewController.swift; sourceTree = "<group>"; };
		099D95741C99A7DB00706D48 /* InfoViewController.swift */ = {isa = PBXFileReference; fileEncoding = 4; lastKnownFileType = sourcecode.swift; path = InfoViewController.swift; sourceTree = "<group>"; };
		09CE59881C938843004C7EF2 /* Carrot-App-3.app */ = {isa = PBXFileReference; explicitFileType = wrapper.application; includeInIndex = 0; path = "Carrot-App-3.app"; sourceTree = BUILT_PRODUCTS_DIR; };
		09CE598B1C938843004C7EF2 /* AppDelegate.swift */ = {isa = PBXFileReference; lastKnownFileType = sourcecode.swift; path = AppDelegate.swift; sourceTree = "<group>"; };
		09CE598D1C938843004C7EF2 /* RecordSoundsViewController.swift */ = {isa = PBXFileReference; lastKnownFileType = sourcecode.swift; path = RecordSoundsViewController.swift; sourceTree = "<group>"; };
		09CE59901C938843004C7EF2 /* Base */ = {isa = PBXFileReference; lastKnownFileType = file.storyboard; name = Base; path = Base.lproj/Main.storyboard; sourceTree = "<group>"; };
		09CE59921C938843004C7EF2 /* Assets.xcassets */ = {isa = PBXFileReference; lastKnownFileType = folder.assetcatalog; path = Assets.xcassets; sourceTree = "<group>"; };
		09CE59951C938843004C7EF2 /* Base */ = {isa = PBXFileReference; lastKnownFileType = file.storyboard; name = Base; path = Base.lproj/LaunchScreen.storyboard; sourceTree = "<group>"; };
		09CE59971C938843004C7EF2 /* Info.plist */ = {isa = PBXFileReference; lastKnownFileType = text.plist.xml; path = Info.plist; sourceTree = "<group>"; };
		09CE599C1C938843004C7EF2 /* Carrot-App-3Tests.xctest */ = {isa = PBXFileReference; explicitFileType = wrapper.cfbundle; includeInIndex = 0; path = "Carrot-App-3Tests.xctest"; sourceTree = BUILT_PRODUCTS_DIR; };
		09CE59A01C938843004C7EF2 /* Carrot_App_3Tests.swift */ = {isa = PBXFileReference; lastKnownFileType = sourcecode.swift; path = Carrot_App_3Tests.swift; sourceTree = "<group>"; };
		09CE59A21C938843004C7EF2 /* Info.plist */ = {isa = PBXFileReference; lastKnownFileType = text.plist.xml; path = Info.plist; sourceTree = "<group>"; };
		09CE59AB1C939B2F004C7EF2 /* RecordedAudio.swift */ = {isa = PBXFileReference; fileEncoding = 4; lastKnownFileType = sourcecode.swift; path = RecordedAudio.swift; sourceTree = "<group>"; };
/* End PBXFileReference section */

/* Begin PBXFrameworksBuildPhase section */
		09CE59851C938843004C7EF2 /* Frameworks */ = {
			isa = PBXFrameworksBuildPhase;
			buildActionMask = 2147483647;
			files = (
			);
			runOnlyForDeploymentPostprocessing = 0;
		};
		09CE59991C938843004C7EF2 /* Frameworks */ = {
			isa = PBXFrameworksBuildPhase;
			buildActionMask = 2147483647;
			files = (
			);
			runOnlyForDeploymentPostprocessing = 0;
		};
/* End PBXFrameworksBuildPhase section */

/* Begin PBXGroup section */
		09CE597F1C938843004C7EF2 = {
			isa = PBXGroup;
			children = (
				09CE598A1C938843004C7EF2 /* Carrot-App-3 */,
				09CE599F1C938843004C7EF2 /* Carrot-App-3Tests */,
				09CE59891C938843004C7EF2 /* Products */,
			);
			sourceTree = "<group>";
		};
		09CE59891C938843004C7EF2 /* Products */ = {
			isa = PBXGroup;
			children = (
				09CE59881C938843004C7EF2 /* Carrot-App-3.app */,
				09CE599C1C938843004C7EF2 /* Carrot-App-3Tests.xctest */,
			);
			name = Products;
			sourceTree = "<group>";
		};
		09CE598A1C938843004C7EF2 /* Carrot-App-3 */ = {
			isa = PBXGroup;
			children = (
				09CE598B1C938843004C7EF2 /* AppDelegate.swift */,
				09CE598D1C938843004C7EF2 /* RecordSoundsViewController.swift */,
				09CE59AB1C939B2F004C7EF2 /* RecordedAudio.swift */,
				09CE598F1C938843004C7EF2 /* Main.storyboard */,
				09CE59921C938843004C7EF2 /* Assets.xcassets */,
				09CE59941C938843004C7EF2 /* LaunchScreen.storyboard */,
				09CE59971C938843004C7EF2 /* Info.plist */,
				0988A3D31C973CC9000593EC /* DontEatViewController.swift */,
				0988A3D51C974C36000593EC /* TakeBiteViewController.swift */,
				090507951C9875CB001F6625 /* PlayBoomBoxViewController.swift */,
				090507971C98896D001F6625 /* NoAnimationViewController.swift */,
				090507991C988B7C001F6625 /* StartWhoopeeViewController.swift */,
				099D95741C99A7DB00706D48 /* InfoViewController.swift */,
			);
			path = "Carrot-App-3";
			sourceTree = "<group>";
		};
		09CE599F1C938843004C7EF2 /* Carrot-App-3Tests */ = {
			isa = PBXGroup;
			children = (
				09CE59A01C938843004C7EF2 /* Carrot_App_3Tests.swift */,
				09CE59A21C938843004C7EF2 /* Info.plist */,
			);
			path = "Carrot-App-3Tests";
			sourceTree = "<group>";
		};
/* End PBXGroup section */

/* Begin PBXNativeTarget section */
		09CE59871C938843004C7EF2 /* Carrot-App-3 */ = {
			isa = PBXNativeTarget;
			buildConfigurationList = 09CE59A51C938843004C7EF2 /* Build configuration list for PBXNativeTarget "Carrot-App-3" */;
			buildPhases = (
				09CE59841C938843004C7EF2 /* Sources */,
				09CE59851C938843004C7EF2 /* Frameworks */,
				09CE59861C938843004C7EF2 /* Resources */,
			);
			buildRules = (
			);
			dependencies = (
			);
			name = "Carrot-App-3";
			productName = "Carrot-App-3";
			productReference = 09CE59881C938843004C7EF2 /* Carrot-App-3.app */;
			productType = "com.apple.product-type.application";
		};
		09CE599B1C938843004C7EF2 /* Carrot-App-3Tests */ = {
			isa = PBXNativeTarget;
			buildConfigurationList = 09CE59A81C938843004C7EF2 /* Build configuration list for PBXNativeTarget "Carrot-App-3Tests" */;
			buildPhases = (
				09CE59981C938843004C7EF2 /* Sources */,
				09CE59991C938843004C7EF2 /* Frameworks */,
				09CE599A1C938843004C7EF2 /* Resources */,
			);
			buildRules = (
			);
			dependencies = (
				09CE599E1C938843004C7EF2 /* PBXTargetDependency */,
			);
			name = "Carrot-App-3Tests";
			productName = "Carrot-App-3Tests";
			productReference = 09CE599C1C938843004C7EF2 /* Carrot-App-3Tests.xctest */;
			productType = "com.apple.product-type.bundle.unit-test";
		};
/* End PBXNativeTarget section */

/* Begin PBXProject section */
		09CE59801C938843004C7EF2 /* Project object */ = {
			isa = PBXProject;
			attributes = {
				LastSwiftUpdateCheck = 0720;
				LastUpgradeCheck = 0720;
				ORGANIZATIONNAME = Apprentice;
				TargetAttributes = {
					09CE59871C938843004C7EF2 = {
						CreatedOnToolsVersion = 7.2.1;
						DevelopmentTeam = K8HU92W3ZM;
					};
					09CE599B1C938843004C7EF2 = {
						CreatedOnToolsVersion = 7.2.1;
						TestTargetID = 09CE59871C938843004C7EF2;
					};
				};
			};
			buildConfigurationList = 09CE59831C938843004C7EF2 /* Build configuration list for PBXProject "Carrot-App-3" */;
			compatibilityVersion = "Xcode 3.2";
			developmentRegion = English;
			hasScannedForEncodings = 0;
			knownRegions = (
				en,
				Base,
			);
			mainGroup = 09CE597F1C938843004C7EF2;
			productRefGroup = 09CE59891C938843004C7EF2 /* Products */;
			projectDirPath = "";
			projectRoot = "";
			targets = (
				09CE59871C938843004C7EF2 /* Carrot-App-3 */,
				09CE599B1C938843004C7EF2 /* Carrot-App-3Tests */,
			);
		};
/* End PBXProject section */

/* Begin PBXResourcesBuildPhase section */
		09CE59861C938843004C7EF2 /* Resources */ = {
			isa = PBXResourcesBuildPhase;
			buildActionMask = 2147483647;
			files = (
				09CE59961C938843004C7EF2 /* LaunchScreen.storyboard in Resources */,
				09CE59931C938843004C7EF2 /* Assets.xcassets in Resources */,
				09CE59911C938843004C7EF2 /* Main.storyboard in Resources */,
			);
			runOnlyForDeploymentPostprocessing = 0;
		};
		09CE599A1C938843004C7EF2 /* Resources */ = {
			isa = PBXResourcesBuildPhase;
			buildActionMask = 2147483647;
			files = (
			);
			runOnlyForDeploymentPostprocessing = 0;
		};
/* End PBXResourcesBuildPhase section */

/* Begin PBXSourcesBuildPhase section */
		09CE59841C938843004C7EF2 /* Sources */ = {
			isa = PBXSourcesBuildPhase;
			buildActionMask = 2147483647;
			files = (
				0988A3D41C973CC9000593EC /* DontEatViewController.swift in Sources */,
				0988A3D61C974C36000593EC /* TakeBiteViewController.swift in Sources */,
				09CE59AC1C939B2F004C7EF2 /* RecordedAudio.swift in Sources */,
				09CE598E1C938843004C7EF2 /* RecordSoundsViewController.swift in Sources */,
				099D95751C99A7DB00706D48 /* InfoViewController.swift in Sources */,
				09CE598C1C938843004C7EF2 /* AppDelegate.swift in Sources */,
				090507981C98896D001F6625 /* NoAnimationViewController.swift in Sources */,
				0905079A1C988B7C001F6625 /* StartWhoopeeViewController.swift in Sources */,
				090507961C9875CB001F6625 /* PlayBoomBoxViewController.swift in Sources */,
			);
			runOnlyForDeploymentPostprocessing = 0;
		};
		09CE59981C938843004C7EF2 /* Sources */ = {
			isa = PBXSourcesBuildPhase;
			buildActionMask = 2147483647;
			files = (
				09CE59A11C938843004C7EF2 /* Carrot_App_3Tests.swift in Sources */,
			);
			runOnlyForDeploymentPostprocessing = 0;
		};
/* End PBXSourcesBuildPhase section */

/* Begin PBXTargetDependency section */
		09CE599E1C938843004C7EF2 /* PBXTargetDependency */ = {
			isa = PBXTargetDependency;
			target = 09CE59871C938843004C7EF2 /* Carrot-App-3 */;
			targetProxy = 09CE599D1C938843004C7EF2 /* PBXContainerItemProxy */;
		};
/* End PBXTargetDependency section */

/* Begin PBXVariantGroup section */
		09CE598F1C938843004C7EF2 /* Main.storyboard */ = {
			isa = PBXVariantGroup;
			children = (
				09CE59901C938843004C7EF2 /* Base */,
			);
			name = Main.storyboard;
			sourceTree = "<group>";
		};
		09CE59941C938843004C7EF2 /* LaunchScreen.storyboard */ = {
			isa = PBXVariantGroup;
			children = (
				09CE59951C938843004C7EF2 /* Base */,
			);
			name = LaunchScreen.storyboard;
			sourceTree = "<group>";
		};
/* End PBXVariantGroup section */

/* Begin XCBuildConfiguration section */
		09CE59A31C938843004C7EF2 /* Debug */ = {
			isa = XCBuildConfiguration;
			buildSettings = {
				ALWAYS_SEARCH_USER_PATHS = NO;
				CLANG_CXX_LANGUAGE_STANDARD = "gnu++0x";
				CLANG_CXX_LIBRARY = "libc++";
				CLANG_ENABLE_MODULES = YES;
				CLANG_ENABLE_OBJC_ARC = YES;
				CLANG_WARN_BOOL_CONVERSION = YES;
				CLANG_WARN_CONSTANT_CONVERSION = YES;
				CLANG_WARN_DIRECT_OBJC_ISA_USAGE = YES_ERROR;
				CLANG_WARN_EMPTY_BODY = YES;
				CLANG_WARN_ENUM_CONVERSION = YES;
				CLANG_WARN_INT_CONVERSION = YES;
				CLANG_WARN_OBJC_ROOT_CLASS = YES_ERROR;
				CLANG_WARN_UNREACHABLE_CODE = YES;
				CLANG_WARN__DUPLICATE_METHOD_MATCH = YES;
				"CODE_SIGN_IDENTITY[sdk=iphoneos*]" = "iPhone Developer";
				COPY_PHASE_STRIP = NO;
				DEBUG_INFORMATION_FORMAT = dwarf;
				ENABLE_STRICT_OBJC_MSGSEND = YES;
				ENABLE_TESTABILITY = YES;
				GCC_C_LANGUAGE_STANDARD = gnu99;
				GCC_DYNAMIC_NO_PIC = NO;
				GCC_NO_COMMON_BLOCKS = YES;
				GCC_OPTIMIZATION_LEVEL = 0;
				GCC_PREPROCESSOR_DEFINITIONS = (
					"DEBUG=1",
					"$(inherited)",
				);
				GCC_WARN_64_TO_32_BIT_CONVERSION = YES;
				GCC_WARN_ABOUT_RETURN_TYPE = YES_ERROR;
				GCC_WARN_UNDECLARED_SELECTOR = YES;
				GCC_WARN_UNINITIALIZED_AUTOS = YES_AGGRESSIVE;
				GCC_WARN_UNUSED_FUNCTION = YES;
				GCC_WARN_UNUSED_VARIABLE = YES;
				IPHONEOS_DEPLOYMENT_TARGET = 9.2;
				MTL_ENABLE_DEBUG_INFO = YES;
				ONLY_ACTIVE_ARCH = YES;
				SDKROOT = iphoneos;
				SWIFT_OPTIMIZATION_LEVEL = "-Onone";
				TARGETED_DEVICE_FAMILY = "1,2";
			};
			name = Debug;
		};
		09CE59A41C938843004C7EF2 /* Release */ = {
			isa = XCBuildConfiguration;
			buildSettings = {
				ALWAYS_SEARCH_USER_PATHS = NO;
				CLANG_CXX_LANGUAGE_STANDARD = "gnu++0x";
				CLANG_CXX_LIBRARY = "libc++";
				CLANG_ENABLE_MODULES = YES;
				CLANG_ENABLE_OBJC_ARC = YES;
				CLANG_WARN_BOOL_CONVERSION = YES;
				CLANG_WARN_CONSTANT_CONVERSION = YES;
				CLANG_WARN_DIRECT_OBJC_ISA_USAGE = YES_ERROR;
				CLANG_WARN_EMPTY_BODY = YES;
				CLANG_WARN_ENUM_CONVERSION = YES;
				CLANG_WARN_INT_CONVERSION = YES;
				CLANG_WARN_OBJC_ROOT_CLASS = YES_ERROR;
				CLANG_WARN_UNREACHABLE_CODE = YES;
				CLANG_WARN__DUPLICATE_METHOD_MATCH = YES;
				"CODE_SIGN_IDENTITY[sdk=iphoneos*]" = "iPhone Developer";
				COPY_PHASE_STRIP = NO;
				DEBUG_INFORMATION_FORMAT = "dwarf-with-dsym";
				ENABLE_NS_ASSERTIONS = NO;
				ENABLE_STRICT_OBJC_MSGSEND = YES;
				GCC_C_LANGUAGE_STANDARD = gnu99;
				GCC_NO_COMMON_BLOCKS = YES;
				GCC_WARN_64_TO_32_BIT_CONVERSION = YES;
				GCC_WARN_ABOUT_RETURN_TYPE = YES_ERROR;
				GCC_WARN_UNDECLARED_SELECTOR = YES;
				GCC_WARN_UNINITIALIZED_AUTOS = YES_AGGRESSIVE;
				GCC_WARN_UNUSED_FUNCTION = YES;
				GCC_WARN_UNUSED_VARIABLE = YES;
				IPHONEOS_DEPLOYMENT_TARGET = 9.2;
				MTL_ENABLE_DEBUG_INFO = NO;
				SDKROOT = iphoneos;
				TARGETED_DEVICE_FAMILY = "1,2";
				VALIDATE_PRODUCT = YES;
			};
			name = Release;
		};
		09CE59A61C938843004C7EF2 /* Debug */ = {
			isa = XCBuildConfiguration;
			buildSettings = {
				ASSETCATALOG_COMPILER_APPICON_NAME = AppIcon;
				CODE_SIGN_IDENTITY = "iPhone Developer";
				INFOPLIST_FILE = "Carrot-App-3/Info.plist";
				LD_RUNPATH_SEARCH_PATHS = "$(inherited) @executable_path/Frameworks";
				PRODUCT_BUNDLE_IDENTIFIER = "Example.Carrot-App-3";
				PRODUCT_NAME = "$(TARGET_NAME)";
			};
			name = Debug;
		};
		09CE59A71C938843004C7EF2 /* Release */ = {
			isa = XCBuildConfiguration;
			buildSettings = {
				ASSETCATALOG_COMPILER_APPICON_NAME = AppIcon;
				CODE_SIGN_IDENTITY = "iPhone Developer";
				INFOPLIST_FILE = "Carrot-App-3/Info.plist";
				LD_RUNPATH_SEARCH_PATHS = "$(inherited) @executable_path/Frameworks";
				PRODUCT_BUNDLE_IDENTIFIER = "Example.Carrot-App-3";
				PRODUCT_NAME = "$(TARGET_NAME)";
			};
			name = Release;
		};
		09CE59A91C938843004C7EF2 /* Debug */ = {
			isa = XCBuildConfiguration;
			buildSettings = {
				BUNDLE_LOADER = "$(TEST_HOST)";
				INFOPLIST_FILE = "Carrot-App-3Tests/Info.plist";
				LD_RUNPATH_SEARCH_PATHS = "$(inherited) @executable_path/Frameworks @loader_path/Frameworks";
				PRODUCT_BUNDLE_IDENTIFIER = "Example.Carrot-App-3Tests";
				PRODUCT_NAME = "$(TARGET_NAME)";
				TEST_HOST = "$(BUILT_PRODUCTS_DIR)/Carrot-App-3.app/Carrot-App-3";
			};
			name = Debug;
		};
		09CE59AA1C938843004C7EF2 /* Release */ = {
			isa = XCBuildConfiguration;
			buildSettings = {
				BUNDLE_LOADER = "$(TEST_HOST)";
				INFOPLIST_FILE = "Carrot-App-3Tests/Info.plist";
				LD_RUNPATH_SEARCH_PATHS = "$(inherited) @executable_path/Frameworks @loader_path/Frameworks";
				PRODUCT_BUNDLE_IDENTIFIER = "Example.Carrot-App-3Tests";
				PRODUCT_NAME = "$(TARGET_NAME)";
				TEST_HOST = "$(BUILT_PRODUCTS_DIR)/Carrot-App-3.app/Carrot-App-3";
			};
			name = Release;
		};
/* End XCBuildConfiguration section */

/* Begin XCConfigurationList section */
		09CE59831C938843004C7EF2 /* Build configuration list for PBXProject "Carrot-App-3" */ = {
			isa = XCConfigurationList;
			buildConfigurations = (
				09CE59A31C938843004C7EF2 /* Debug */,
				09CE59A41C938843004C7EF2 /* Release */,
			);
			defaultConfigurationIsVisible = 0;
			defaultConfigurationName = Release;
		};
		09CE59A51C938843004C7EF2 /* Build configuration list for PBXNativeTarget "Carrot-App-3" */ = {
			isa = XCConfigurationList;
			buildConfigurations = (
				09CE59A61C938843004C7EF2 /* Debug */,
				09CE59A71C938843004C7EF2 /* Release */,
			);
			defaultConfigurationIsVisible = 0;
			defaultConfigurationName = Release;
		};
		09CE59A81C938843004C7EF2 /* Build configuration list for PBXNativeTarget "Carrot-App-3Tests" */ = {
			isa = XCConfigurationList;
			buildConfigurations = (
				09CE59A91C938843004C7EF2 /* Debug */,
				09CE59AA1C938843004C7EF2 /* Release */,
			);
			defaultConfigurationIsVisible = 0;
			defaultConfigurationName = Release;
		};
/* End XCConfigurationList section */
	};
	rootObject = 09CE59801C938843004C7EF2 /* Project object */;
}
